schema: '2.0'
stages:
  data_ingestion:
    cmd: python src/data_ingestion.py
    deps:
    - path: src/data_ingestion.py
      hash: md5
      md5: 30ff71731f0a641d1594e74a516bc6d7
      size: 3507
    params:
      params.yaml:
        data_ingestion.test_size: 0.15
    outs:
    - path: data/raw
      hash: md5
      md5: e0ca0360b13b8deedbf58bd1670a9a90.dir
      size: 484846
      nfiles: 2
  data_preprocessing:
    cmd: python src/data_preprocessing.py
    deps:
    - path: data/raw
      hash: md5
      md5: e0ca0360b13b8deedbf58bd1670a9a90.dir
      size: 484846
      nfiles: 2
    - path: src/data_preprocessing.py
      hash: md5
      md5: 1ce8809e37eaa58cf72992ad79134dcb
      size: 3353
    outs:
    - path: data/interim
      hash: md5
      md5: ecbb5444bc1b05a3b554ca0e1610040f.dir
      size: 260945
      nfiles: 2
  feature_engineering:
    cmd: python src/feature_engineering.py
    deps:
    - path: data/interim
      hash: md5
      md5: ecbb5444bc1b05a3b554ca0e1610040f.dir
      size: 260945
      nfiles: 2
    - path: src/feature_engineering.py
      hash: md5
      md5: aa8538657b9e5ef2563222c86d9e3bb2
      size: 3908
    params:
      params.yaml:
        feature_engineering.max_features: 45
    outs:
    - path: data/processed
      hash: md5
      md5: c916c9187f1b0fd834f149fd73870124.dir
      size: 1067259
      nfiles: 2
  model_building:
    cmd: python src/model_building.py
    deps:
    - path: data/processed
      hash: md5
      md5: c916c9187f1b0fd834f149fd73870124.dir
      size: 1067259
      nfiles: 2
    - path: src/model_building.py
      hash: md5
      md5: b8211d4fca24abd0f09602108ec58924
      size: 4423
    params:
      params.yaml:
        model_building.n_estimators: 20
        model_building.random_state: 2
    outs:
    - path: models/model.pkl
      hash: md5
      md5: 2157ca6e7a8504dd14d8de1f0044f215
      size: 817301
  model_evaluation:
    cmd: python src/model_evaluation.py
    deps:
    - path: models/model.pkl
      hash: md5
      md5: 2157ca6e7a8504dd14d8de1f0044f215
      size: 817301
    - path: src/model_evaluation.py
      hash: md5
      md5: 87e75e0629a02c0ed78854d473881dc9
      size: 4638
    outs:
    - path: reports/metrics.json
      hash: md5
      md5: b16a126601966968a3421bb3acb584dc
      size: 131
